{
  "version": "5",
  "specifiers": {
    "npm:echarts@*": "6.0.0",
    "npm:echarts@6": "6.0.0",
    "npm:esbuild@~0.8.39": "0.8.57",
    "npm:tslib@^2.3.0": "2.3.0",
    "npm:typescript@4.4.3": "4.4.3",
    "npm:zrender@6": "6.0.0"
  },
  "npm": {
    "echarts@6.0.0": {
      "integrity": "sha512-Tte/grDQRiETQP4xz3iZWSvoHrkCQtwqd6hs+mifXcjrCuo2iKWbajFObuLJVBlDIJlOzgQPd1hsaKt/3+OMkQ==",
      "dependencies": [
        "tslib",
        "zrender"
      ]
    },
    "esbuild@0.8.57": {
      "integrity": "sha512-j02SFrUwFTRUqiY0Kjplwjm1psuzO1d6AjaXKuOR9hrY0HuPsT6sV42B6myW34h1q4CRy+Y3g4RU/cGJeI/nNA==",
      "scripts": true,
      "bin": true
    },
    "tslib@2.3.0": {
      "integrity": "sha512-N82ooyxVNm6h1riLCoyS9e3fuJ3AMG2zIZs2Gd1ATcSFjSA23Q0fzjjZeh0jbJvWVDZ0cJT8yaNNaaXHzueNjg=="
    },
    "typescript@4.4.3": {
      "integrity": "sha512-4xfscpisVgqqDfPaJo5vkd+Qd/ItkoagnHpufr+i2QCHBsNYp+G7UAoyFl8aPtx879u38wPV65rZ8qbGZijalA==",
      "bin": true
    },
    "zrender@6.0.0": {
      "integrity": "sha512-41dFXEEXuJpNecuUQq6JlbybmnHaqqpGlbH1yxnA5V9MMP4SbohSVZsJIwz+zdjQXSSlR1Vc34EgH1zxyTDvhg==",
      "dependencies": [
        "tslib"
      ]
    }
  },
  "workspace": {
    "packageJson": {
      "dependencies": [
        "npm:echarts@6",
        "npm:esbuild@~0.8.39",
        "npm:tslib@^2.3.0",
        "npm:typescript@4.4.3",
        "npm:zrender@6"
      ]
    }
  }
}
